
Microsoft Visual Studio Solution File, Format Version 12.00
# Visual Studio 15
VisualStudioVersion = 15.0.28307.1738
MinimumVisualStudioVersion = 10.0.40219.1
Project("{FAE04EC0-301F-11D3-BF4B-00C04F79EFBC}") = "bai62", "bai62\bai62.csproj", "{FFFF1835-2396-49C3-BCFB-09371A1A8079}"
EndProject
Global
	GlobalSection(SolutionConfigurationPlatforms) = preSolution
		Debug|Any CPU = Debug|Any CPU
		Release|Any CPU = Release|Any CPU
	EndGlobalSection
	GlobalSection(ProjectConfigurationPlatforms) = postSolution
		{FFFF1835-2396-49C3-BCFB-09371A1A8079}.Debug|Any CPU.ActiveCfg = Debug|Any CPU
		{FFFF1835-2396-49C3-BCFB-09371A1A8079}.Debug|Any CPU.Build.0 = Debug|Any CPU
		{FFFF1835-2396-49C3-BCFB-09371A1A8079}.Release|Any CPU.ActiveCfg = Release|Any CPU
		{FFFF1835-2396-49C3-BCFB-09371A1A8079}.Release|Any CPU.Build.0 = Release|Any CPU
	EndGlobalSection
	GlobalSection(SolutionProperties) = preSolution
		HideSolutionNode = FALSE
	EndGlobalSection
	GlobalSection(ExtensibilityGlobals) = postSolution
		SolutionGuid = {C5D52A77-F2A1-4216-8095-AE9B8F1B6D33}
	EndGlobalSection
EndGlobal
